
Microsoft Visual Studio Solution File, Format Version 12.00
# Visual Studio Version 17
VisualStudioVersion = 17.3.32825.248
MinimumVisualStudioVersion = 10.0.40219.1
Project("{8BC9CEB8-8B4A-11D0-8D11-00A0C91BC942}") = "week7", "week7.vcxproj", "{E39F6529-84BB-4A2B-BCC8-14F113EAC765}"
EndProject
Global
	GlobalSection(SolutionConfigurationPlatforms) = preSolution
		Debug|x64 = Debug|x64
		Debug|x86 = Debug|x86
		Release|x64 = Release|x64
		Release|x86 = Release|x86
	EndGlobalSection
	GlobalSection(ProjectConfigurationPlatforms) = postSolution
		{E39F6529-84BB-4A2B-BCC8-14F113EAC765}.Debug|x64.ActiveCfg = Debug|x64
		{E39F6529-84BB-4A2B-BCC8-14F113EAC765}.Debug|x64.Build.0 = Debug|x64
		{E39F6529-84BB-4A2B-BCC8-14F113EAC765}.Debug|x86.ActiveCfg = Debug|Win32
		{E39F6529-84BB-4A2B-BCC8-14F113EAC765}.Debug|x86.Build.0 = Debug|Win32
		{E39F6529-84BB-4A2B-BCC8-14F113EAC765}.Release|x64.ActiveCfg = Release|x64
		{E39F6529-84BB-4A2B-BCC8-14F113EAC765}.Release|x64.Build.0 = Release|x64
		{E39F6529-84BB-4A2B-BCC8-14F113EAC765}.Release|x86.ActiveCfg = Release|Win32
		{E39F6529-84BB-4A2B-BCC8-14F113EAC765}.Release|x86.Build.0 = Release|Win32
	EndGlobalSection
	GlobalSection(SolutionProperties) = preSolution
		HideSolutionNode = FALSE
	EndGlobalSection
	GlobalSection(ExtensibilityGlobals) = postSolution
		SolutionGuid = {BA000689-81ED-444B-A7BF-B8C36311CBCF}
	EndGlobalSection
EndGlobal
